// !$*UTF8*$!
{
	archiveVersion = 1;
	classes = {
	};
	objectVersion = 46;
	objects = {

/* Begin PBXBuildFile section */
		1A247E3A16BAD1C900D97EAF /* iTunesController.m in Sources */ = {isa = PBXBuildFile; fileRef = 1A247E3916BAD1C900D97EAF /* iTunesController.m */; };
		1A247E3C16BAD2F700D97EAF /* ScriptingBridge.framework in Frameworks */ = {isa = PBXBuildFile; fileRef = 1A247E3B16BAD2F700D97EAF /* ScriptingBridge.framework */; };
		1A27819816B81CAF002D6CCB /* QuartzCore.framework in Frameworks */ = {isa = PBXBuildFile; fileRef = 1A27819716B81CAF002D6CCB /* QuartzCore.framework */; };
		1A2781B316B83830002D6CCB /* Auckland_Change.png in Resources */ = {isa = PBXBuildFile; fileRef = 1A2781AE16B83830002D6CCB /* Auckland_Change.png */; };
		1A2781B416B83830002D6CCB /* Auckland_Love.png in Resources */ = {isa = PBXBuildFile; fileRef = 1A2781AF16B83830002D6CCB /* Auckland_Love.png */; };
		1A2781B516B83830002D6CCB /* Auckland_Next.png in Resources */ = {isa = PBXBuildFile; fileRef = 1A2781B016B83830002D6CCB /* Auckland_Next.png */; };
		1A2781B616B83830002D6CCB /* Auckland_Previous.png in Resources */ = {isa = PBXBuildFile; fileRef = 1A2781B116B83830002D6CCB /* Auckland_Previous.png */; };
		1A2781B916B83860002D6CCB /* Auckland_Play.png in Resources */ = {isa = PBXBuildFile; fileRef = 1A2781B816B83860002D6CCB /* Auckland_Play.png */; };
		1A2781BB16B838BA002D6CCB /* Auckland_Logo.png in Resources */ = {isa = PBXBuildFile; fileRef = 1A2781BA16B838BA002D6CCB /* Auckland_Logo.png */; };
		1A2781BD16B83A5D002D6CCB /* Auckland_icon.png in Resources */ = {isa = PBXBuildFile; fileRef = 1A2781BC16B83A5D002D6CCB /* Auckland_icon.png */; };
		1A2B35C216BAC04E006BD23A /* iTunesControl.m in Sources */ = {isa = PBXBuildFile; fileRef = 1A2B35C116BAC04E006BD23A /* iTunesControl.m */; };
		1A2B35EC16BACC0E006BD23A /* ImageScaler.m in Sources */ = {isa = PBXBuildFile; fileRef = 1A2B35EB16BACC0E006BD23A /* ImageScaler.m */; };
		1AF0860216B6B48600202C25 /* Cocoa.framework in Frameworks */ = {isa = PBXBuildFile; fileRef = 1AF0860116B6B48600202C25 /* Cocoa.framework */; };
		1AF0860C16B6B48600202C25 /* InfoPlist.strings in Resources */ = {isa = PBXBuildFile; fileRef = 1AF0860A16B6B48600202C25 /* InfoPlist.strings */; };
		1AF0860E16B6B48600202C25 /* main.m in Sources */ = {isa = PBXBuildFile; fileRef = 1AF0860D16B6B48600202C25 /* main.m */; };
		1AF0861216B6B48600202C25 /* Credits.rtf in Resources */ = {isa = PBXBuildFile; fileRef = 1AF0861016B6B48600202C25 /* Credits.rtf */; };
		1AF0861516B6B48600202C25 /* AppDelegate.m in Sources */ = {isa = PBXBuildFile; fileRef = 1AF0861416B6B48600202C25 /* AppDelegate.m */; };
		1AF0861816B6B48700202C25 /* MainMenu.xib in Resources */ = {isa = PBXBuildFile; fileRef = 1AF0861616B6B48700202C25 /* MainMenu.xib */; };
/* End PBXBuildFile section */

/* Begin PBXFileReference section */
		1A247E3716BAD1C900D97EAF /* iTunes.h */ = {isa = PBXFileReference; fileEncoding = 4; lastKnownFileType = sourcecode.c.h; path = iTunes.h; sourceTree = "<group>"; };
		1A247E3816BAD1C900D97EAF /* iTunesController.h */ = {isa = PBXFileReference; fileEncoding = 4; lastKnownFileType = sourcecode.c.h; path = iTunesController.h; sourceTree = "<group>"; };
		1A247E3916BAD1C900D97EAF /* iTunesController.m */ = {isa = PBXFileReference; fileEncoding = 4; lastKnownFileType = sourcecode.c.objc; path = iTunesController.m; sourceTree = "<group>"; };
		1A247E3B16BAD2F700D97EAF /* ScriptingBridge.framework */ = {isa = PBXFileReference; lastKnownFileType = wrapper.framework; name = ScriptingBridge.framework; path = System/Library/Frameworks/ScriptingBridge.framework; sourceTree = SDKROOT; };
		1A27819716B81CAF002D6CCB /* QuartzCore.framework */ = {isa = PBXFileReference; lastKnownFileType = wrapper.framework; name = QuartzCore.framework; path = System/Library/Frameworks/QuartzCore.framework; sourceTree = SDKROOT; };
		1A2781AE16B83830002D6CCB /* Auckland_Change.png */ = {isa = PBXFileReference; lastKnownFileType = image.png; path = Auckland_Change.png; sourceTree = "<group>"; };
		1A2781AF16B83830002D6CCB /* Auckland_Love.png */ = {isa = PBXFileReference; lastKnownFileType = image.png; path = Auckland_Love.png; sourceTree = "<group>"; };
		1A2781B016B83830002D6CCB /* Auckland_Next.png */ = {isa = PBXFileReference; lastKnownFileType = image.png; path = Auckland_Next.png; sourceTree = "<group>"; };
		1A2781B116B83830002D6CCB /* Auckland_Previous.png */ = {isa = PBXFileReference; lastKnownFileType = image.png; path = Auckland_Previous.png; sourceTree = "<group>"; };
		1A2781B816B83860002D6CCB /* Auckland_Play.png */ = {isa = PBXFileReference; lastKnownFileType = image.png; path = Auckland_Play.png; sourceTree = "<group>"; };
		1A2781BA16B838BA002D6CCB /* Auckland_Logo.png */ = {isa = PBXFileReference; lastKnownFileType = image.png; path = Auckland_Logo.png; sourceTree = "<group>"; };
		1A2781BC16B83A5D002D6CCB /* Auckland_icon.png */ = {isa = PBXFileReference; lastKnownFileType = image.png; path = Auckland_icon.png; sourceTree = "<group>"; };
		1A2B35C016BAC04E006BD23A /* iTunesControl.h */ = {isa = PBXFileReference; fileEncoding = 4; lastKnownFileType = sourcecode.c.h; path = iTunesControl.h; sourceTree = "<group>"; };
		1A2B35C116BAC04E006BD23A /* iTunesControl.m */ = {isa = PBXFileReference; fileEncoding = 4; lastKnownFileType = sourcecode.c.objc; path = iTunesControl.m; sourceTree = "<group>"; };
		1A2B35EA16BACC0D006BD23A /* ImageScaler.h */ = {isa = PBXFileReference; fileEncoding = 4; lastKnownFileType = sourcecode.c.h; path = ImageScaler.h; sourceTree = "<group>"; };
		1A2B35EB16BACC0E006BD23A /* ImageScaler.m */ = {isa = PBXFileReference; fileEncoding = 4; lastKnownFileType = sourcecode.c.objc; path = ImageScaler.m; sourceTree = "<group>"; };
		1AF085FD16B6B48600202C25 /* Auckland.app */ = {isa = PBXFileReference; explicitFileType = wrapper.application; includeInIndex = 0; path = Auckland.app; sourceTree = BUILT_PRODUCTS_DIR; };
		1AF0860116B6B48600202C25 /* Cocoa.framework */ = {isa = PBXFileReference; lastKnownFileType = wrapper.framework; name = Cocoa.framework; path = System/Library/Frameworks/Cocoa.framework; sourceTree = SDKROOT; };
		1AF0860416B6B48600202C25 /* AppKit.framework */ = {isa = PBXFileReference; lastKnownFileType = wrapper.framework; name = AppKit.framework; path = System/Library/Frameworks/AppKit.framework; sourceTree = SDKROOT; };
		1AF0860516B6B48600202C25 /* CoreData.framework */ = {isa = PBXFileReference; lastKnownFileType = wrapper.framework; name = CoreData.framework; path = System/Library/Frameworks/CoreData.framework; sourceTree = SDKROOT; };
		1AF0860616B6B48600202C25 /* Foundation.framework */ = {isa = PBXFileReference; lastKnownFileType = wrapper.framework; name = Foundation.framework; path = System/Library/Frameworks/Foundation.framework; sourceTree = SDKROOT; };
		1AF0860916B6B48600202C25 /* Auckland-Info.plist */ = {isa = PBXFileReference; lastKnownFileType = text.plist.xml; path = "Auckland-Info.plist"; sourceTree = "<group>"; };
		1AF0860B16B6B48600202C25 /* en */ = {isa = PBXFileReference; lastKnownFileType = text.plist.strings; name = en; path = en.lproj/InfoPlist.strings; sourceTree = "<group>"; };
		1AF0860D16B6B48600202C25 /* main.m */ = {isa = PBXFileReference; lastKnownFileType = sourcecode.c.objc; path = main.m; sourceTree = "<group>"; };
		1AF0860F16B6B48600202C25 /* Auckland-Prefix.pch */ = {isa = PBXFileReference; lastKnownFileType = sourcecode.c.h; path = "Auckland-Prefix.pch"; sourceTree = "<group>"; };
		1AF0861116B6B48600202C25 /* en */ = {isa = PBXFileReference; lastKnownFileType = text.rtf; name = en; path = en.lproj/Credits.rtf; sourceTree = "<group>"; };
		1AF0861316B6B48600202C25 /* AppDelegate.h */ = {isa = PBXFileReference; lastKnownFileType = sourcecode.c.h; path = AppDelegate.h; sourceTree = "<group>"; };
		1AF0861416B6B48600202C25 /* AppDelegate.m */ = {isa = PBXFileReference; lastKnownFileType = sourcecode.c.objc; path = AppDelegate.m; sourceTree = "<group>"; };
		1AF0861716B6B48700202C25 /* en */ = {isa = PBXFileReference; lastKnownFileType = file.xib; name = en; path = en.lproj/MainMenu.xib; sourceTree = "<group>"; };
/* End PBXFileReference section */

/* Begin PBXFrameworksBuildPhase section */
		1AF085FA16B6B48600202C25 /* Frameworks */ = {
			isa = PBXFrameworksBuildPhase;
			buildActionMask = 2147483647;
			files = (
				1A247E3C16BAD2F700D97EAF /* ScriptingBridge.framework in Frameworks */,
				1A27819816B81CAF002D6CCB /* QuartzCore.framework in Frameworks */,
				1AF0860216B6B48600202C25 /* Cocoa.framework in Frameworks */,
			);
			runOnlyForDeploymentPostprocessing = 0;
		};
/* End PBXFrameworksBuildPhase section */

/* Begin PBXGroup section */
		1AF085F216B6B48600202C25 = {
			isa = PBXGroup;
			children = (
				1A247E3B16BAD2F700D97EAF /* ScriptingBridge.framework */,
				1A27819716B81CAF002D6CCB /* QuartzCore.framework */,
				1AF0860716B6B48600202C25 /* Auckland */,
				1AF0860016B6B48600202C25 /* Frameworks */,
				1AF085FE16B6B48600202C25 /* Products */,
			);
			sourceTree = "<group>";
		};
		1AF085FE16B6B48600202C25 /* Products */ = {
			isa = PBXGroup;
			children = (
				1AF085FD16B6B48600202C25 /* Auckland.app */,
			);
			name = Products;
			sourceTree = "<group>";
		};
		1AF0860016B6B48600202C25 /* Frameworks */ = {
			isa = PBXGroup;
			children = (
				1AF0860116B6B48600202C25 /* Cocoa.framework */,
				1AF0860316B6B48600202C25 /* Other Frameworks */,
			);
			name = Frameworks;
			sourceTree = "<group>";
		};
		1AF0860316B6B48600202C25 /* Other Frameworks */ = {
			isa = PBXGroup;
			children = (
				1AF0860416B6B48600202C25 /* AppKit.framework */,
				1AF0860516B6B48600202C25 /* CoreData.framework */,
				1AF0860616B6B48600202C25 /* Foundation.framework */,
			);
			name = "Other Frameworks";
			sourceTree = "<group>";
		};
		1AF0860716B6B48600202C25 /* Auckland */ = {
			isa = PBXGroup;
			children = (
				1AF0861316B6B48600202C25 /* AppDelegate.h */,
				1AF0861416B6B48600202C25 /* AppDelegate.m */,
				1AF0861616B6B48700202C25 /* MainMenu.xib */,
				1A2B35EA16BACC0D006BD23A /* ImageScaler.h */,
				1A2B35EB16BACC0E006BD23A /* ImageScaler.m */,
				1A247E3716BAD1C900D97EAF /* iTunes.h */,
				1A247E3816BAD1C900D97EAF /* iTunesController.h */,
				1A247E3916BAD1C900D97EAF /* iTunesController.m */,
				1AF0863016B6B4E300202C25 /* Image */,
				1AF0860816B6B48600202C25 /* Supporting Files */,
				1A2B35C016BAC04E006BD23A /* iTunesControl.h */,
				1A2B35C116BAC04E006BD23A /* iTunesControl.m */,
			);
			path = Auckland;
			sourceTree = "<group>";
		};
		1AF0860816B6B48600202C25 /* Supporting Files */ = {
			isa = PBXGroup;
			children = (
				1AF0860916B6B48600202C25 /* Auckland-Info.plist */,
				1AF0860A16B6B48600202C25 /* InfoPlist.strings */,
				1AF0860D16B6B48600202C25 /* main.m */,
				1AF0860F16B6B48600202C25 /* Auckland-Prefix.pch */,
				1AF0861016B6B48600202C25 /* Credits.rtf */,
			);
			name = "Supporting Files";
			sourceTree = "<group>";
		};
		1AF0863016B6B4E300202C25 /* Image */ = {
			isa = PBXGroup;
			children = (
				1A2781AE16B83830002D6CCB /* Auckland_Change.png */,
				1A2781AF16B83830002D6CCB /* Auckland_Love.png */,
				1A2781B016B83830002D6CCB /* Auckland_Next.png */,
				1A2781B116B83830002D6CCB /* Auckland_Previous.png */,
				1A2781B816B83860002D6CCB /* Auckland_Play.png */,
				1A2781BC16B83A5D002D6CCB /* Auckland_icon.png */,
				1A2781BA16B838BA002D6CCB /* Auckland_Logo.png */,
			);
			name = Image;
			sourceTree = "<group>";
		};
/* End PBXGroup section */

/* Begin PBXNativeTarget section */
		1AF085FC16B6B48600202C25 /* Auckland */ = {
			isa = PBXNativeTarget;
			buildConfigurationList = 1AF0861B16B6B48700202C25 /* Build configuration list for PBXNativeTarget "Auckland" */;
			buildPhases = (
				1AF085F916B6B48600202C25 /* Sources */,
				1AF085FA16B6B48600202C25 /* Frameworks */,
				1AF085FB16B6B48600202C25 /* Resources */,
			);
			buildRules = (
			);
			dependencies = (
			);
			name = Auckland;
			productName = Auckland;
			productReference = 1AF085FD16B6B48600202C25 /* Auckland.app */;
			productType = "com.apple.product-type.application";
		};
/* End PBXNativeTarget section */

/* Begin PBXProject section */
		1AF085F416B6B48600202C25 /* Project object */ = {
			isa = PBXProject;
			attributes = {
				LastUpgradeCheck = 0450;
				ORGANIZATIONNAME = "Dat Anh Truong";
			};
			buildConfigurationList = 1AF085F716B6B48600202C25 /* Build configuration list for PBXProject "Auckland" */;
			compatibilityVersion = "Xcode 3.2";
			developmentRegion = English;
			hasScannedForEncodings = 0;
			knownRegions = (
				en,
			);
			mainGroup = 1AF085F216B6B48600202C25;
			productRefGroup = 1AF085FE16B6B48600202C25 /* Products */;
			projectDirPath = "";
			projectRoot = "";
			targets = (
				1AF085FC16B6B48600202C25 /* Auckland */,
			);
		};
/* End PBXProject section */

/* Begin PBXResourcesBuildPhase section */
		1AF085FB16B6B48600202C25 /* Resources */ = {
			isa = PBXResourcesBuildPhase;
			buildActionMask = 2147483647;
			files = (
				1AF0860C16B6B48600202C25 /* InfoPlist.strings in Resources */,
				1AF0861216B6B48600202C25 /* Credits.rtf in Resources */,
				1AF0861816B6B48700202C25 /* MainMenu.xib in Resources */,
				1A2781B316B83830002D6CCB /* Auckland_Change.png in Resources */,
				1A2781B416B83830002D6CCB /* Auckland_Love.png in Resources */,
				1A2781B516B83830002D6CCB /* Auckland_Next.png in Resources */,
				1A2781B616B83830002D6CCB /* Auckland_Previous.png in Resources */,
				1A2781B916B83860002D6CCB /* Auckland_Play.png in Resources */,
				1A2781BB16B838BA002D6CCB /* Auckland_Logo.png in Resources */,
				1A2781BD16B83A5D002D6CCB /* Auckland_icon.png in Resources */,
			);
			runOnlyForDeploymentPostprocessing = 0;
		};
/* End PBXResourcesBuildPhase section */

/* Begin PBXSourcesBuildPhase section */
		1AF085F916B6B48600202C25 /* Sources */ = {
			isa = PBXSourcesBuildPhase;
			buildActionMask = 2147483647;
			files = (
				1AF0860E16B6B48600202C25 /* main.m in Sources */,
				1AF0861516B6B48600202C25 /* AppDelegate.m in Sources */,
				1A2B35C216BAC04E006BD23A /* iTunesControl.m in Sources */,
				1A2B35EC16BACC0E006BD23A /* ImageScaler.m in Sources */,
				1A247E3A16BAD1C900D97EAF /* iTunesController.m in Sources */,
			);
			runOnlyForDeploymentPostprocessing = 0;
		};
/* End PBXSourcesBuildPhase section */

/* Begin PBXVariantGroup section */
		1AF0860A16B6B48600202C25 /* InfoPlist.strings */ = {
			isa = PBXVariantGroup;
			children = (
				1AF0860B16B6B48600202C25 /* en */,
			);
			name = InfoPlist.strings;
			sourceTree = "<group>";
		};
		1AF0861016B6B48600202C25 /* Credits.rtf */ = {
			isa = PBXVariantGroup;
			children = (
				1AF0861116B6B48600202C25 /* en */,
			);
			name = Credits.rtf;
			sourceTree = "<group>";
		};
		1AF0861616B6B48700202C25 /* MainMenu.xib */ = {
			isa = PBXVariantGroup;
			children = (
				1AF0861716B6B48700202C25 /* en */,
			);
			name = MainMenu.xib;
			sourceTree = "<group>";
		};
/* End PBXVariantGroup section */

/* Begin XCBuildConfiguration section */
		1AF0861916B6B48700202C25 /* Debug */ = {
			isa = XCBuildConfiguration;
			buildSettings = {
				ALWAYS_SEARCH_USER_PATHS = NO;
				ARCHS = "$(ARCHS_STANDARD_64_BIT)";
				CLANG_CXX_LANGUAGE_STANDARD = "gnu++0x";
				CLANG_CXX_LIBRARY = "libc++";
				CLANG_ENABLE_OBJC_ARC = YES;
				CLANG_WARN_EMPTY_BODY = YES;
				CLANG_WARN__DUPLICATE_METHOD_MATCH = YES;
				COPY_PHASE_STRIP = NO;
				GCC_C_LANGUAGE_STANDARD = gnu99;
				GCC_DYNAMIC_NO_PIC = NO;
				GCC_ENABLE_OBJC_EXCEPTIONS = YES;
				GCC_OPTIMIZATION_LEVEL = 0;
				GCC_PREPROCESSOR_DEFINITIONS = (
					"DEBUG=1",
					"$(inherited)",
				);
				GCC_SYMBOLS_PRIVATE_EXTERN = NO;
				GCC_WARN_64_TO_32_BIT_CONVERSION = YES;
				GCC_WARN_ABOUT_RETURN_TYPE = YES;
				GCC_WARN_UNINITIALIZED_AUTOS = YES;
				GCC_WARN_UNUSED_VARIABLE = YES;
				MACOSX_DEPLOYMENT_TARGET = 10.8;
				ONLY_ACTIVE_ARCH = YES;
				SDKROOT = macosx;
			};
			name = Debug;
		};
		1AF0861A16B6B48700202C25 /* Release */ = {
			isa = XCBuildConfiguration;
			buildSettings = {
				ALWAYS_SEARCH_USER_PATHS = NO;
				ARCHS = "$(ARCHS_STANDARD_64_BIT)";
				CLANG_CXX_LANGUAGE_STANDARD = "gnu++0x";
				CLANG_CXX_LIBRARY = "libc++";
				CLANG_ENABLE_OBJC_ARC = YES;
				CLANG_WARN_EMPTY_BODY = YES;
				CLANG_WARN__DUPLICATE_METHOD_MATCH = YES;
				COPY_PHASE_STRIP = YES;
				DEBUG_INFORMATION_FORMAT = "dwarf-with-dsym";
				GCC_C_LANGUAGE_STANDARD = gnu99;
				GCC_ENABLE_OBJC_EXCEPTIONS = YES;
				GCC_WARN_64_TO_32_BIT_CONVERSION = YES;
				GCC_WARN_ABOUT_RETURN_TYPE = YES;
				GCC_WARN_UNINITIALIZED_AUTOS = YES;
				GCC_WARN_UNUSED_VARIABLE = YES;
				MACOSX_DEPLOYMENT_TARGET = 10.8;
				SDKROOT = macosx;
			};
			name = Release;
		};
		1AF0861C16B6B48700202C25 /* Debug */ = {
			isa = XCBuildConfiguration;
			buildSettings = {
				COMBINE_HIDPI_IMAGES = YES;
				FRAMEWORK_SEARCH_PATHS = (
					"$(inherited)",
					"\"$(SRCROOT)\"",
				);
				GCC_PRECOMPILE_PREFIX_HEADER = YES;
				GCC_PREFIX_HEADER = "Auckland/Auckland-Prefix.pch";
				INFOPLIST_FILE = "Auckland/Auckland-Info.plist";
				PRODUCT_NAME = "$(TARGET_NAME)";
				WRAPPER_EXTENSION = app;
			};
			name = Debug;
		};
		1AF0861D16B6B48700202C25 /* Release */ = {
			isa = XCBuildConfiguration;
			buildSettings = {
				COMBINE_HIDPI_IMAGES = YES;
				FRAMEWORK_SEARCH_PATHS = (
					"$(inherited)",
					"\"$(SRCROOT)\"",
				);
				GCC_PRECOMPILE_PREFIX_HEADER = YES;
				GCC_PREFIX_HEADER = "Auckland/Auckland-Prefix.pch";
				INFOPLIST_FILE = "Auckland/Auckland-Info.plist";
				PRODUCT_NAME = "$(TARGET_NAME)";
				WRAPPER_EXTENSION = app;
			};
			name = Release;
		};
/* End XCBuildConfiguration section */

/* Begin XCConfigurationList section */
		1AF085F716B6B48600202C25 /* Build configuration list for PBXProject "Auckland" */ = {
			isa = XCConfigurationList;
			buildConfigurations = (
				1AF0861916B6B48700202C25 /* Debug */,
				1AF0861A16B6B48700202C25 /* Release */,
			);
			defaultConfigurationIsVisible = 0;
			defaultConfigurationName = Release;
		};
		1AF0861B16B6B48700202C25 /* Build configuration list for PBXNativeTarget "Auckland" */ = {
			isa = XCConfigurationList;
			buildConfigurations = (
				1AF0861C16B6B48700202C25 /* Debug */,
				1AF0861D16B6B48700202C25 /* Release */,
			);
			defaultConfigurationIsVisible = 0;
			defaultConfigurationName = Release;
		};
/* End XCConfigurationList section */
	};
	rootObject = 1AF085F416B6B48600202C25 /* Project object */;
}
