// !$*UTF8*$!
{
	archiveVersion = 1;
	classes = {
	};
	objectVersion = 46;
	objects = {

/* Begin PBXBuildFile section */
		1A2E8A9016BD7F700038043C /* Auckland_Pause_alt.png in Resources */ = {isa = PBXBuildFile; fileRef = 1A2E8A8316BD7F700038043C /* Auckland_Pause_alt.png */; };
		1A2E8A9116BD7F700038043C /* Auckland_Change_alt.png in Resources */ = {isa = PBXBuildFile; fileRef = 1A2E8A8416BD7F700038043C /* Auckland_Change_alt.png */; };
		1A2E8A9216BD7F700038043C /* Auckland_Love_alt.png in Resources */ = {isa = PBXBuildFile; fileRef = 1A2E8A8516BD7F700038043C /* Auckland_Love_alt.png */; };
		1A2E8A9316BD7F700038043C /* Auckland_Next_alt.png in Resources */ = {isa = PBXBuildFile; fileRef = 1A2E8A8616BD7F700038043C /* Auckland_Next_alt.png */; };
		1A2E8A9416BD7F700038043C /* Auckland_Play_alt.png in Resources */ = {isa = PBXBuildFile; fileRef = 1A2E8A8716BD7F700038043C /* Auckland_Play_alt.png */; };
		1A2E8A9516BD7F700038043C /* Auckland_Previous_alt.png in Resources */ = {isa = PBXBuildFile; fileRef = 1A2E8A8816BD7F700038043C /* Auckland_Previous_alt.png */; };
		1A2E8A9616BD7F700038043C /* Auckland_Play.png in Resources */ = {isa = PBXBuildFile; fileRef = 1A2E8A8916BD7F700038043C /* Auckland_Play.png */; };
		1A2E8A9716BD7F700038043C /* Auckland_Previous.png in Resources */ = {isa = PBXBuildFile; fileRef = 1A2E8A8A16BD7F700038043C /* Auckland_Previous.png */; };
		1A2E8A9816BD7F700038043C /* Auckland_Change.png in Resources */ = {isa = PBXBuildFile; fileRef = 1A2E8A8B16BD7F700038043C /* Auckland_Change.png */; };
		1A2E8A9916BD7F700038043C /* Auckland_Love.png in Resources */ = {isa = PBXBuildFile; fileRef = 1A2E8A8C16BD7F700038043C /* Auckland_Love.png */; };
		1A2E8A9A16BD7F700038043C /* Auckland_Next.png in Resources */ = {isa = PBXBuildFile; fileRef = 1A2E8A8D16BD7F700038043C /* Auckland_Next.png */; };
		1A2E8A9B16BD7F700038043C /* Auckland_Pause.png in Resources */ = {isa = PBXBuildFile; fileRef = 1A2E8A8E16BD7F700038043C /* Auckland_Pause.png */; };
		1A2E8A9C16BD7F700038043C /* Auckland_Logo.png in Resources */ = {isa = PBXBuildFile; fileRef = 1A2E8A8F16BD7F700038043C /* Auckland_Logo.png */; };
		1A9338A616D1360700D93204 /* ADPlayer.m in Sources */ = {isa = PBXBuildFile; fileRef = 1A9338A516D1360700D93204 /* ADPlayer.m */; };
		1A9338A916D1376F00D93204 /* ControllerStatusBar.m in Sources */ = {isa = PBXBuildFile; fileRef = 1A9338A816D1376F00D93204 /* ControllerStatusBar.m */; };
		1A9338AC16D13B7100D93204 /* IconStatusBar.m in Sources */ = {isa = PBXBuildFile; fileRef = 1A9338AB16D13B7100D93204 /* IconStatusBar.m */; };
		1A9338B216D14A0500D93204 /* ChangerStatusBar.m in Sources */ = {isa = PBXBuildFile; fileRef = 1A9338B116D14A0500D93204 /* ChangerStatusBar.m */; };
		1ADAAC9816D532FC00ADA13A /* MenubarController.m in Sources */ = {isa = PBXBuildFile; fileRef = 1ADAAC9516D532FC00ADA13A /* MenubarController.m */; };
		1ADAAC9916D532FC00ADA13A /* PanelController.m in Sources */ = {isa = PBXBuildFile; fileRef = 1ADAAC9716D532FC00ADA13A /* PanelController.m */; };
		1ADAACA016D5330900ADA13A /* Panel.m in Sources */ = {isa = PBXBuildFile; fileRef = 1ADAAC9B16D5330900ADA13A /* Panel.m */; };
		1ADAACA116D5330900ADA13A /* StatusItemView.m in Sources */ = {isa = PBXBuildFile; fileRef = 1ADAAC9D16D5330900ADA13A /* StatusItemView.m */; };
		1ADAACA216D5330900ADA13A /* BackgroundView.m in Sources */ = {isa = PBXBuildFile; fileRef = 1ADAAC9F16D5330900ADA13A /* BackgroundView.m */; };
		1ADAACA416D5332200ADA13A /* Panel.xib in Resources */ = {isa = PBXBuildFile; fileRef = 1ADAACA316D5332200ADA13A /* Panel.xib */; };
		1AE7D6AA16BC1626003EB2C5 /* StatusView.m in Sources */ = {isa = PBXBuildFile; fileRef = 1AE7D6A916BC1626003EB2C5 /* StatusView.m */; };
		1AE7D6AC16BC168E003EB2C5 /* ScriptingBridge.framework in Frameworks */ = {isa = PBXBuildFile; fileRef = 1AE7D6AB16BC168E003EB2C5 /* ScriptingBridge.framework */; };
		1AF0860216B6B48600202C25 /* Cocoa.framework in Frameworks */ = {isa = PBXBuildFile; fileRef = 1AF0860116B6B48600202C25 /* Cocoa.framework */; };
		1AF0860C16B6B48600202C25 /* InfoPlist.strings in Resources */ = {isa = PBXBuildFile; fileRef = 1AF0860A16B6B48600202C25 /* InfoPlist.strings */; };
		1AF0860E16B6B48600202C25 /* main.m in Sources */ = {isa = PBXBuildFile; fileRef = 1AF0860D16B6B48600202C25 /* main.m */; };
		1AF0861216B6B48600202C25 /* Credits.rtf in Resources */ = {isa = PBXBuildFile; fileRef = 1AF0861016B6B48600202C25 /* Credits.rtf */; };
		1AF0861516B6B48600202C25 /* AppDelegate.m in Sources */ = {isa = PBXBuildFile; fileRef = 1AF0861416B6B48600202C25 /* AppDelegate.m */; };
		1AF0861816B6B48700202C25 /* MainMenu.xib in Resources */ = {isa = PBXBuildFile; fileRef = 1AF0861616B6B48700202C25 /* MainMenu.xib */; };
/* End PBXBuildFile section */

/* Begin PBXFileReference section */
		1A2E8A8316BD7F700038043C /* Auckland_Pause_alt.png */ = {isa = PBXFileReference; lastKnownFileType = image.png; path = Auckland_Pause_alt.png; sourceTree = "<group>"; };
		1A2E8A8416BD7F700038043C /* Auckland_Change_alt.png */ = {isa = PBXFileReference; lastKnownFileType = image.png; path = Auckland_Change_alt.png; sourceTree = "<group>"; };
		1A2E8A8516BD7F700038043C /* Auckland_Love_alt.png */ = {isa = PBXFileReference; lastKnownFileType = image.png; path = Auckland_Love_alt.png; sourceTree = "<group>"; };
		1A2E8A8616BD7F700038043C /* Auckland_Next_alt.png */ = {isa = PBXFileReference; lastKnownFileType = image.png; path = Auckland_Next_alt.png; sourceTree = "<group>"; };
		1A2E8A8716BD7F700038043C /* Auckland_Play_alt.png */ = {isa = PBXFileReference; lastKnownFileType = image.png; path = Auckland_Play_alt.png; sourceTree = "<group>"; };
		1A2E8A8816BD7F700038043C /* Auckland_Previous_alt.png */ = {isa = PBXFileReference; lastKnownFileType = image.png; path = Auckland_Previous_alt.png; sourceTree = "<group>"; };
		1A2E8A8916BD7F700038043C /* Auckland_Play.png */ = {isa = PBXFileReference; lastKnownFileType = image.png; path = Auckland_Play.png; sourceTree = "<group>"; };
		1A2E8A8A16BD7F700038043C /* Auckland_Previous.png */ = {isa = PBXFileReference; lastKnownFileType = image.png; path = Auckland_Previous.png; sourceTree = "<group>"; };
		1A2E8A8B16BD7F700038043C /* Auckland_Change.png */ = {isa = PBXFileReference; lastKnownFileType = image.png; path = Auckland_Change.png; sourceTree = "<group>"; };
		1A2E8A8C16BD7F700038043C /* Auckland_Love.png */ = {isa = PBXFileReference; lastKnownFileType = image.png; path = Auckland_Love.png; sourceTree = "<group>"; };
		1A2E8A8D16BD7F700038043C /* Auckland_Next.png */ = {isa = PBXFileReference; lastKnownFileType = image.png; path = Auckland_Next.png; sourceTree = "<group>"; };
		1A2E8A8E16BD7F700038043C /* Auckland_Pause.png */ = {isa = PBXFileReference; lastKnownFileType = image.png; path = Auckland_Pause.png; sourceTree = "<group>"; };
		1A2E8A8F16BD7F700038043C /* Auckland_Logo.png */ = {isa = PBXFileReference; lastKnownFileType = image.png; path = Auckland_Logo.png; sourceTree = "<group>"; };
		1A9338A416D1360700D93204 /* ADPlayer.h */ = {isa = PBXFileReference; fileEncoding = 4; lastKnownFileType = sourcecode.c.h; path = ADPlayer.h; sourceTree = "<group>"; };
		1A9338A516D1360700D93204 /* ADPlayer.m */ = {isa = PBXFileReference; fileEncoding = 4; lastKnownFileType = sourcecode.c.objc; path = ADPlayer.m; sourceTree = "<group>"; };
		1A9338A716D1376F00D93204 /* ControllerStatusBar.h */ = {isa = PBXFileReference; fileEncoding = 4; lastKnownFileType = sourcecode.c.h; path = ControllerStatusBar.h; sourceTree = "<group>"; };
		1A9338A816D1376F00D93204 /* ControllerStatusBar.m */ = {isa = PBXFileReference; fileEncoding = 4; lastKnownFileType = sourcecode.c.objc; path = ControllerStatusBar.m; sourceTree = "<group>"; };
		1A9338AA16D13B7100D93204 /* IconStatusBar.h */ = {isa = PBXFileReference; fileEncoding = 4; lastKnownFileType = sourcecode.c.h; path = IconStatusBar.h; sourceTree = "<group>"; };
		1A9338AB16D13B7100D93204 /* IconStatusBar.m */ = {isa = PBXFileReference; fileEncoding = 4; lastKnownFileType = sourcecode.c.objc; path = IconStatusBar.m; sourceTree = "<group>"; };
		1A9338B016D14A0500D93204 /* ChangerStatusBar.h */ = {isa = PBXFileReference; fileEncoding = 4; lastKnownFileType = sourcecode.c.h; path = ChangerStatusBar.h; sourceTree = "<group>"; };
		1A9338B116D14A0500D93204 /* ChangerStatusBar.m */ = {isa = PBXFileReference; fileEncoding = 4; lastKnownFileType = sourcecode.c.objc; path = ChangerStatusBar.m; sourceTree = "<group>"; };
		1ADAAC9416D532FC00ADA13A /* MenubarController.h */ = {isa = PBXFileReference; fileEncoding = 4; lastKnownFileType = sourcecode.c.h; path = MenubarController.h; sourceTree = "<group>"; };
		1ADAAC9516D532FC00ADA13A /* MenubarController.m */ = {isa = PBXFileReference; fileEncoding = 4; lastKnownFileType = sourcecode.c.objc; path = MenubarController.m; sourceTree = "<group>"; };
		1ADAAC9616D532FC00ADA13A /* PanelController.h */ = {isa = PBXFileReference; fileEncoding = 4; lastKnownFileType = sourcecode.c.h; path = PanelController.h; sourceTree = "<group>"; };
		1ADAAC9716D532FC00ADA13A /* PanelController.m */ = {isa = PBXFileReference; fileEncoding = 4; lastKnownFileType = sourcecode.c.objc; path = PanelController.m; sourceTree = "<group>"; };
		1ADAAC9A16D5330900ADA13A /* Panel.h */ = {isa = PBXFileReference; fileEncoding = 4; lastKnownFileType = sourcecode.c.h; path = Panel.h; sourceTree = "<group>"; };
		1ADAAC9B16D5330900ADA13A /* Panel.m */ = {isa = PBXFileReference; fileEncoding = 4; lastKnownFileType = sourcecode.c.objc; path = Panel.m; sourceTree = "<group>"; };
		1ADAAC9C16D5330900ADA13A /* StatusItemView.h */ = {isa = PBXFileReference; fileEncoding = 4; lastKnownFileType = sourcecode.c.h; path = StatusItemView.h; sourceTree = "<group>"; };
		1ADAAC9D16D5330900ADA13A /* StatusItemView.m */ = {isa = PBXFileReference; fileEncoding = 4; lastKnownFileType = sourcecode.c.objc; path = StatusItemView.m; sourceTree = "<group>"; };
		1ADAAC9E16D5330900ADA13A /* BackgroundView.h */ = {isa = PBXFileReference; fileEncoding = 4; lastKnownFileType = sourcecode.c.h; path = BackgroundView.h; sourceTree = "<group>"; };
		1ADAAC9F16D5330900ADA13A /* BackgroundView.m */ = {isa = PBXFileReference; fileEncoding = 4; lastKnownFileType = sourcecode.c.objc; path = BackgroundView.m; sourceTree = "<group>"; };
		1ADAACA316D5332200ADA13A /* Panel.xib */ = {isa = PBXFileReference; fileEncoding = 4; lastKnownFileType = file.xib; path = Panel.xib; sourceTree = "<group>"; };
		1AE7D6A816BC1626003EB2C5 /* StatusView.h */ = {isa = PBXFileReference; fileEncoding = 4; lastKnownFileType = sourcecode.c.h; path = StatusView.h; sourceTree = "<group>"; };
		1AE7D6A916BC1626003EB2C5 /* StatusView.m */ = {isa = PBXFileReference; fileEncoding = 4; lastKnownFileType = sourcecode.c.objc; path = StatusView.m; sourceTree = "<group>"; };
		1AE7D6AB16BC168E003EB2C5 /* ScriptingBridge.framework */ = {isa = PBXFileReference; lastKnownFileType = wrapper.framework; name = ScriptingBridge.framework; path = System/Library/Frameworks/ScriptingBridge.framework; sourceTree = SDKROOT; };
		1AF085FD16B6B48600202C25 /* Auckland.app */ = {isa = PBXFileReference; explicitFileType = wrapper.application; includeInIndex = 0; path = Auckland.app; sourceTree = BUILT_PRODUCTS_DIR; };
		1AF0860116B6B48600202C25 /* Cocoa.framework */ = {isa = PBXFileReference; lastKnownFileType = wrapper.framework; name = Cocoa.framework; path = System/Library/Frameworks/Cocoa.framework; sourceTree = SDKROOT; };
		1AF0860416B6B48600202C25 /* AppKit.framework */ = {isa = PBXFileReference; lastKnownFileType = wrapper.framework; name = AppKit.framework; path = System/Library/Frameworks/AppKit.framework; sourceTree = SDKROOT; };
		1AF0860516B6B48600202C25 /* CoreData.framework */ = {isa = PBXFileReference; lastKnownFileType = wrapper.framework; name = CoreData.framework; path = System/Library/Frameworks/CoreData.framework; sourceTree = SDKROOT; };
		1AF0860616B6B48600202C25 /* Foundation.framework */ = {isa = PBXFileReference; lastKnownFileType = wrapper.framework; name = Foundation.framework; path = System/Library/Frameworks/Foundation.framework; sourceTree = SDKROOT; };
		1AF0860916B6B48600202C25 /* Auckland-Info.plist */ = {isa = PBXFileReference; lastKnownFileType = text.plist.xml; path = "Auckland-Info.plist"; sourceTree = "<group>"; };
		1AF0860B16B6B48600202C25 /* en */ = {isa = PBXFileReference; lastKnownFileType = text.plist.strings; name = en; path = en.lproj/InfoPlist.strings; sourceTree = "<group>"; };
		1AF0860D16B6B48600202C25 /* main.m */ = {isa = PBXFileReference; lastKnownFileType = sourcecode.c.objc; path = main.m; sourceTree = "<group>"; };
		1AF0860F16B6B48600202C25 /* Auckland-Prefix.pch */ = {isa = PBXFileReference; lastKnownFileType = sourcecode.c.h; path = "Auckland-Prefix.pch"; sourceTree = "<group>"; };
		1AF0861116B6B48600202C25 /* en */ = {isa = PBXFileReference; lastKnownFileType = text.rtf; name = en; path = en.lproj/Credits.rtf; sourceTree = "<group>"; };
		1AF0861316B6B48600202C25 /* AppDelegate.h */ = {isa = PBXFileReference; lastKnownFileType = sourcecode.c.h; path = AppDelegate.h; sourceTree = "<group>"; };
		1AF0861416B6B48600202C25 /* AppDelegate.m */ = {isa = PBXFileReference; lastKnownFileType = sourcecode.c.objc; path = AppDelegate.m; sourceTree = "<group>"; };
		1AF0861716B6B48700202C25 /* en */ = {isa = PBXFileReference; lastKnownFileType = file.xib; name = en; path = en.lproj/MainMenu.xib; sourceTree = "<group>"; };
/* End PBXFileReference section */

/* Begin PBXFrameworksBuildPhase section */
		1AF085FA16B6B48600202C25 /* Frameworks */ = {
			isa = PBXFrameworksBuildPhase;
			buildActionMask = 2147483647;
			files = (
				1AE7D6AC16BC168E003EB2C5 /* ScriptingBridge.framework in Frameworks */,
				1AF0860216B6B48600202C25 /* Cocoa.framework in Frameworks */,
			);
			runOnlyForDeploymentPostprocessing = 0;
		};
/* End PBXFrameworksBuildPhase section */

/* Begin PBXGroup section */
		1A247E5C16BADCCC00D97EAF /* Image */ = {
			isa = PBXGroup;
			children = (
				1A2E8A8316BD7F700038043C /* Auckland_Pause_alt.png */,
				1A2E8A8416BD7F700038043C /* Auckland_Change_alt.png */,
				1A2E8A8516BD7F700038043C /* Auckland_Love_alt.png */,
				1A2E8A8616BD7F700038043C /* Auckland_Next_alt.png */,
				1A2E8A8716BD7F700038043C /* Auckland_Play_alt.png */,
				1A2E8A8816BD7F700038043C /* Auckland_Previous_alt.png */,
				1A2E8A8916BD7F700038043C /* Auckland_Play.png */,
				1A2E8A8A16BD7F700038043C /* Auckland_Previous.png */,
				1A2E8A8B16BD7F700038043C /* Auckland_Change.png */,
				1A2E8A8C16BD7F700038043C /* Auckland_Love.png */,
				1A2E8A8D16BD7F700038043C /* Auckland_Next.png */,
				1A2E8A8E16BD7F700038043C /* Auckland_Pause.png */,
				1A2E8A8F16BD7F700038043C /* Auckland_Logo.png */,
			);
			name = Image;
			sourceTree = "<group>";
		};
		1A247E6116BADFB000D97EAF /* General */ = {
			isa = PBXGroup;
			children = (
				1A9338A416D1360700D93204 /* ADPlayer.h */,
				1A9338A516D1360700D93204 /* ADPlayer.m */,
			);
			name = General;
			sourceTree = "<group>";
		};
		1ADAAC9316D532E400ADA13A /* IconPopUp */ = {
			isa = PBXGroup;
			children = (
				1ADAAC9416D532FC00ADA13A /* MenubarController.h */,
				1ADAAC9516D532FC00ADA13A /* MenubarController.m */,
				1ADAAC9616D532FC00ADA13A /* PanelController.h */,
				1ADAAC9716D532FC00ADA13A /* PanelController.m */,
				1ADAAC9A16D5330900ADA13A /* Panel.h */,
				1ADAAC9B16D5330900ADA13A /* Panel.m */,
				1ADAAC9C16D5330900ADA13A /* StatusItemView.h */,
				1ADAAC9D16D5330900ADA13A /* StatusItemView.m */,
				1ADAAC9E16D5330900ADA13A /* BackgroundView.h */,
				1ADAAC9F16D5330900ADA13A /* BackgroundView.m */,
			);
			name = IconPopUp;
			sourceTree = "<group>";
		};
		1AE7D6A716BC1348003EB2C5 /* Status Item */ = {
			isa = PBXGroup;
			children = (
				1ADAAC9316D532E400ADA13A /* IconPopUp */,
				1AE7D6A816BC1626003EB2C5 /* StatusView.h */,
				1AE7D6A916BC1626003EB2C5 /* StatusView.m */,
				1A9338A716D1376F00D93204 /* ControllerStatusBar.h */,
				1A9338A816D1376F00D93204 /* ControllerStatusBar.m */,
				1A9338AA16D13B7100D93204 /* IconStatusBar.h */,
				1A9338AB16D13B7100D93204 /* IconStatusBar.m */,
				1A9338B016D14A0500D93204 /* ChangerStatusBar.h */,
				1A9338B116D14A0500D93204 /* ChangerStatusBar.m */,
			);
			name = "Status Item";
			sourceTree = "<group>";
		};
		1AF085F216B6B48600202C25 = {
			isa = PBXGroup;
			children = (
				1AE7D6AB16BC168E003EB2C5 /* ScriptingBridge.framework */,
				1AF0860716B6B48600202C25 /* Auckland */,
				1AF0860016B6B48600202C25 /* Frameworks */,
				1AF085FE16B6B48600202C25 /* Products */,
			);
			sourceTree = "<group>";
		};
		1AF085FE16B6B48600202C25 /* Products */ = {
			isa = PBXGroup;
			children = (
				1AF085FD16B6B48600202C25 /* Auckland.app */,
			);
			name = Products;
			sourceTree = "<group>";
		};
		1AF0860016B6B48600202C25 /* Frameworks */ = {
			isa = PBXGroup;
			children = (
				1AF0860116B6B48600202C25 /* Cocoa.framework */,
				1AF0860316B6B48600202C25 /* Other Frameworks */,
			);
			name = Frameworks;
			sourceTree = "<group>";
		};
		1AF0860316B6B48600202C25 /* Other Frameworks */ = {
			isa = PBXGroup;
			children = (
				1AF0860416B6B48600202C25 /* AppKit.framework */,
				1AF0860516B6B48600202C25 /* CoreData.framework */,
				1AF0860616B6B48600202C25 /* Foundation.framework */,
			);
			name = "Other Frameworks";
			sourceTree = "<group>";
		};
		1AF0860716B6B48600202C25 /* Auckland */ = {
			isa = PBXGroup;
			children = (
				1AF0861316B6B48600202C25 /* AppDelegate.h */,
				1AF0861416B6B48600202C25 /* AppDelegate.m */,
				1ADAACA316D5332200ADA13A /* Panel.xib */,
				1AF0861616B6B48700202C25 /* MainMenu.xib */,
				1AE7D6A716BC1348003EB2C5 /* Status Item */,
				1A247E6116BADFB000D97EAF /* General */,
				1A247E5C16BADCCC00D97EAF /* Image */,
				1AF0860816B6B48600202C25 /* Supporting Files */,
			);
			path = Auckland;
			sourceTree = "<group>";
		};
		1AF0860816B6B48600202C25 /* Supporting Files */ = {
			isa = PBXGroup;
			children = (
				1AF0860916B6B48600202C25 /* Auckland-Info.plist */,
				1AF0860A16B6B48600202C25 /* InfoPlist.strings */,
				1AF0860D16B6B48600202C25 /* main.m */,
				1AF0860F16B6B48600202C25 /* Auckland-Prefix.pch */,
				1AF0861016B6B48600202C25 /* Credits.rtf */,
			);
			name = "Supporting Files";
			sourceTree = "<group>";
		};
/* End PBXGroup section */

/* Begin PBXNativeTarget section */
		1AF085FC16B6B48600202C25 /* Auckland */ = {
			isa = PBXNativeTarget;
			buildConfigurationList = 1AF0861B16B6B48700202C25 /* Build configuration list for PBXNativeTarget "Auckland" */;
			buildPhases = (
				1AF085F916B6B48600202C25 /* Sources */,
				1AF085FA16B6B48600202C25 /* Frameworks */,
				1AF085FB16B6B48600202C25 /* Resources */,
			);
			buildRules = (
			);
			dependencies = (
			);
			name = Auckland;
			productName = Auckland;
			productReference = 1AF085FD16B6B48600202C25 /* Auckland.app */;
			productType = "com.apple.product-type.application";
		};
/* End PBXNativeTarget section */

/* Begin PBXProject section */
		1AF085F416B6B48600202C25 /* Project object */ = {
			isa = PBXProject;
			attributes = {
				LastUpgradeCheck = 0450;
				ORGANIZATIONNAME = "Dat Anh Truong";
			};
			buildConfigurationList = 1AF085F716B6B48600202C25 /* Build configuration list for PBXProject "Auckland" */;
			compatibilityVersion = "Xcode 3.2";
			developmentRegion = English;
			hasScannedForEncodings = 0;
			knownRegions = (
				en,
			);
			mainGroup = 1AF085F216B6B48600202C25;
			productRefGroup = 1AF085FE16B6B48600202C25 /* Products */;
			projectDirPath = "";
			projectRoot = "";
			targets = (
				1AF085FC16B6B48600202C25 /* Auckland */,
			);
		};
/* End PBXProject section */

/* Begin PBXResourcesBuildPhase section */
		1AF085FB16B6B48600202C25 /* Resources */ = {
			isa = PBXResourcesBuildPhase;
			buildActionMask = 2147483647;
			files = (
				1AF0860C16B6B48600202C25 /* InfoPlist.strings in Resources */,
				1AF0861216B6B48600202C25 /* Credits.rtf in Resources */,
				1AF0861816B6B48700202C25 /* MainMenu.xib in Resources */,
				1A2E8A9016BD7F700038043C /* Auckland_Pause_alt.png in Resources */,
				1A2E8A9116BD7F700038043C /* Auckland_Change_alt.png in Resources */,
				1A2E8A9216BD7F700038043C /* Auckland_Love_alt.png in Resources */,
				1A2E8A9316BD7F700038043C /* Auckland_Next_alt.png in Resources */,
				1A2E8A9416BD7F700038043C /* Auckland_Play_alt.png in Resources */,
				1A2E8A9516BD7F700038043C /* Auckland_Previous_alt.png in Resources */,
				1A2E8A9616BD7F700038043C /* Auckland_Play.png in Resources */,
				1A2E8A9716BD7F700038043C /* Auckland_Previous.png in Resources */,
				1A2E8A9816BD7F700038043C /* Auckland_Change.png in Resources */,
				1A2E8A9916BD7F700038043C /* Auckland_Love.png in Resources */,
				1A2E8A9A16BD7F700038043C /* Auckland_Next.png in Resources */,
				1A2E8A9B16BD7F700038043C /* Auckland_Pause.png in Resources */,
				1A2E8A9C16BD7F700038043C /* Auckland_Logo.png in Resources */,
				1ADAACA416D5332200ADA13A /* Panel.xib in Resources */,
			);
			runOnlyForDeploymentPostprocessing = 0;
		};
/* End PBXResourcesBuildPhase section */

/* Begin PBXSourcesBuildPhase section */
		1AF085F916B6B48600202C25 /* Sources */ = {
			isa = PBXSourcesBuildPhase;
			buildActionMask = 2147483647;
			files = (
				1AF0860E16B6B48600202C25 /* main.m in Sources */,
				1AF0861516B6B48600202C25 /* AppDelegate.m in Sources */,
				1AE7D6AA16BC1626003EB2C5 /* StatusView.m in Sources */,
				1A9338A616D1360700D93204 /* ADPlayer.m in Sources */,
				1A9338A916D1376F00D93204 /* ControllerStatusBar.m in Sources */,
				1A9338AC16D13B7100D93204 /* IconStatusBar.m in Sources */,
				1A9338B216D14A0500D93204 /* ChangerStatusBar.m in Sources */,
				1ADAAC9816D532FC00ADA13A /* MenubarController.m in Sources */,
				1ADAAC9916D532FC00ADA13A /* PanelController.m in Sources */,
				1ADAACA016D5330900ADA13A /* Panel.m in Sources */,
				1ADAACA116D5330900ADA13A /* StatusItemView.m in Sources */,
				1ADAACA216D5330900ADA13A /* BackgroundView.m in Sources */,
			);
			runOnlyForDeploymentPostprocessing = 0;
		};
/* End PBXSourcesBuildPhase section */

/* Begin PBXVariantGroup section */
		1AF0860A16B6B48600202C25 /* InfoPlist.strings */ = {
			isa = PBXVariantGroup;
			children = (
				1AF0860B16B6B48600202C25 /* en */,
			);
			name = InfoPlist.strings;
			sourceTree = "<group>";
		};
		1AF0861016B6B48600202C25 /* Credits.rtf */ = {
			isa = PBXVariantGroup;
			children = (
				1AF0861116B6B48600202C25 /* en */,
			);
			name = Credits.rtf;
			sourceTree = "<group>";
		};
		1AF0861616B6B48700202C25 /* MainMenu.xib */ = {
			isa = PBXVariantGroup;
			children = (
				1AF0861716B6B48700202C25 /* en */,
			);
			name = MainMenu.xib;
			sourceTree = "<group>";
		};
/* End PBXVariantGroup section */

/* Begin XCBuildConfiguration section */
		1AF0861916B6B48700202C25 /* Debug */ = {
			isa = XCBuildConfiguration;
			buildSettings = {
				ALWAYS_SEARCH_USER_PATHS = NO;
				ARCHS = "$(ARCHS_STANDARD_64_BIT)";
				CLANG_CXX_LANGUAGE_STANDARD = "gnu++0x";
				CLANG_CXX_LIBRARY = "libc++";
				CLANG_ENABLE_OBJC_ARC = YES;
				CLANG_WARN_EMPTY_BODY = YES;
				CLANG_WARN__DUPLICATE_METHOD_MATCH = YES;
				COPY_PHASE_STRIP = NO;
				GCC_C_LANGUAGE_STANDARD = gnu99;
				GCC_DYNAMIC_NO_PIC = NO;
				GCC_ENABLE_OBJC_EXCEPTIONS = YES;
				GCC_OPTIMIZATION_LEVEL = 0;
				GCC_PREPROCESSOR_DEFINITIONS = (
					"DEBUG=1",
					"$(inherited)",
				);
				GCC_SYMBOLS_PRIVATE_EXTERN = NO;
				GCC_WARN_64_TO_32_BIT_CONVERSION = YES;
				GCC_WARN_ABOUT_RETURN_TYPE = YES;
				GCC_WARN_UNINITIALIZED_AUTOS = YES;
				GCC_WARN_UNUSED_VARIABLE = YES;
				MACOSX_DEPLOYMENT_TARGET = 10.8;
				ONLY_ACTIVE_ARCH = YES;
				SDKROOT = macosx;
			};
			name = Debug;
		};
		1AF0861A16B6B48700202C25 /* Release */ = {
			isa = XCBuildConfiguration;
			buildSettings = {
				ALWAYS_SEARCH_USER_PATHS = NO;
				ARCHS = "$(ARCHS_STANDARD_64_BIT)";
				CLANG_CXX_LANGUAGE_STANDARD = "gnu++0x";
				CLANG_CXX_LIBRARY = "libc++";
				CLANG_ENABLE_OBJC_ARC = YES;
				CLANG_WARN_EMPTY_BODY = YES;
				CLANG_WARN__DUPLICATE_METHOD_MATCH = YES;
				COPY_PHASE_STRIP = YES;
				DEBUG_INFORMATION_FORMAT = "dwarf-with-dsym";
				GCC_C_LANGUAGE_STANDARD = gnu99;
				GCC_ENABLE_OBJC_EXCEPTIONS = YES;
				GCC_WARN_64_TO_32_BIT_CONVERSION = YES;
				GCC_WARN_ABOUT_RETURN_TYPE = YES;
				GCC_WARN_UNINITIALIZED_AUTOS = YES;
				GCC_WARN_UNUSED_VARIABLE = YES;
				MACOSX_DEPLOYMENT_TARGET = 10.8;
				SDKROOT = macosx;
			};
			name = Release;
		};
		1AF0861C16B6B48700202C25 /* Debug */ = {
			isa = XCBuildConfiguration;
			buildSettings = {
				COMBINE_HIDPI_IMAGES = YES;
				FRAMEWORK_SEARCH_PATHS = (
					"$(inherited)",
					"\"$(SRCROOT)\"",
				);
				GCC_PRECOMPILE_PREFIX_HEADER = YES;
				GCC_PREFIX_HEADER = "Auckland/Auckland-Prefix.pch";
				INFOPLIST_FILE = "Auckland/Auckland-Info.plist";
				PRODUCT_NAME = "$(TARGET_NAME)";
				WRAPPER_EXTENSION = app;
			};
			name = Debug;
		};
		1AF0861D16B6B48700202C25 /* Release */ = {
			isa = XCBuildConfiguration;
			buildSettings = {
				COMBINE_HIDPI_IMAGES = YES;
				FRAMEWORK_SEARCH_PATHS = (
					"$(inherited)",
					"\"$(SRCROOT)\"",
				);
				GCC_PRECOMPILE_PREFIX_HEADER = YES;
				GCC_PREFIX_HEADER = "Auckland/Auckland-Prefix.pch";
				INFOPLIST_FILE = "Auckland/Auckland-Info.plist";
				PRODUCT_NAME = "$(TARGET_NAME)";
				WRAPPER_EXTENSION = app;
			};
			name = Release;
		};
/* End XCBuildConfiguration section */

/* Begin XCConfigurationList section */
		1AF085F716B6B48600202C25 /* Build configuration list for PBXProject "Auckland" */ = {
			isa = XCConfigurationList;
			buildConfigurations = (
				1AF0861916B6B48700202C25 /* Debug */,
				1AF0861A16B6B48700202C25 /* Release */,
			);
			defaultConfigurationIsVisible = 0;
			defaultConfigurationName = Release;
		};
		1AF0861B16B6B48700202C25 /* Build configuration list for PBXNativeTarget "Auckland" */ = {
			isa = XCConfigurationList;
			buildConfigurations = (
				1AF0861C16B6B48700202C25 /* Debug */,
				1AF0861D16B6B48700202C25 /* Release */,
			);
			defaultConfigurationIsVisible = 0;
			defaultConfigurationName = Release;
		};
/* End XCConfigurationList section */
	};
	rootObject = 1AF085F416B6B48600202C25 /* Project object */;
}
